PODS:
  - AppAuth (1.4.0):
    - AppAuth/Core (= 1.4.0)
    - AppAuth/ExternalUserAgent (= 1.4.0)
  - AppAuth/Core (1.4.0)
  - AppAuth/ExternalUserAgent (1.4.0)
  - AppCenter (4.4.1):
    - AppCenter/Analytics (= 4.4.1)
    - AppCenter/Crashes (= 4.4.1)
  - AppCenter/Analytics (4.4.1):
    - AppCenter/Core
  - AppCenter/Core (4.4.1)
  - AppCenter/Crashes (4.4.1):
    - AppCenter/Core
  - Braintree (4.22.0):
    - Braintree/Card (= 4.22.0)
    - Braintree/Core (= 4.22.0)
    - Braintree/PayPal (= 4.22.0)
    - Braintree/UI (= 4.22.0)
  - Braintree/Card (4.22.0):
    - Braintree/Core
  - Braintree/Core (4.22.0)
  - Braintree/PayPal (4.22.0):
    - Braintree/Core
    - Braintree/PayPalOneTouch
  - Braintree/PayPalDataCollector (4.22.0):
    - Braintree/Core
    - Braintree/PayPalUtils
  - Braintree/PayPalOneTouch (4.22.0):
    - Braintree/Core
    - Braintree/PayPalDataCollector
    - Braintree/PayPalUtils
  - Braintree/PayPalUtils (4.22.0)
  - Braintree/UI (4.22.0):
    - Braintree/Card
    - Braintree/Core
  - DropDown (2.3.13)
  - FBAEMKit (12.1.0):
    - FBSDKCoreKit_Basics (= 12.1.0)
  - FBSDKCoreKit (12.1.0):
    - FBAEMKit (= 12.1.0)
    - FBSDKCoreKit_Basics (= 12.1.0)
  - FBSDKCoreKit_Basics (12.1.0)
  - FBSDKLoginKit (12.1.0):
    - FBSDKCoreKit (= 12.1.0)
  - GoogleMaps (6.0.1):
    - GoogleMaps/Maps (= 6.0.1)
  - GoogleMaps/Base (6.0.1)
  - GoogleMaps/Maps (6.0.1):
    - GoogleMaps/Base
  - GooglePlaces (6.0.0)
  - GoogleSignIn (6.0.2):
    - AppAuth (~> 1.4)
    - GTMAppAuth (~> 1.0)
    - GTMSessionFetcher/Core (~> 1.1)
  - GTMAppAuth (1.2.2):
    - AppAuth/Core (~> 1.4)
    - GTMSessionFetcher/Core (~> 1.5)
  - GTMSessionFetcher/Core (1.7.0)
  - InputBarAccessoryView (5.4.0):
    - InputBarAccessoryView/Core (= 5.4.0)
  - InputBarAccessoryView/Core (5.4.0)
  - MessageKit (3.7.0):
    - InputBarAccessoryView (~> 5.4.0)
  - PayPalCheckout (0.79.0)
  - SendBirdSDK (3.1.1)
  - SendBirdUIKit (2.2.1):
    - SendBirdSDK (~> 3.1.1)
  - ViewAnimator (3.1.0)

DEPENDENCIES:
  - AppCenter
  - Braintree
  - DropDown
  - FBSDKLoginKit
  - GoogleMaps
  - GooglePlaces
  - GoogleSignIn
  - MessageKit
  - PayPalCheckout
  - SendBirdUIKit
  - ViewAnimator

SPEC REPOS:
  trunk:
    - AppAuth
    - AppCenter
    - Braintree
    - DropDown
    - FBAEMKit
    - FBSDKCoreKit
    - FBSDKCoreKit_Basics
    - FBSDKLoginKit
    - GoogleMaps
    - GooglePlaces
    - GoogleSignIn
    - GTMAppAuth
    - GTMSessionFetcher
    - InputBarAccessoryView
    - MessageKit
    - PayPalCheckout
    - SendBirdSDK
    - SendBirdUIKit
    - ViewAnimator

SPEC CHECKSUMS:
  AppAuth: 31bcec809a638d7bd2f86ea8a52bd45f6e81e7c7
  AppCenter: b0b6f1190215b5f983c42934db718f3b46fff3c0
  Braintree: e814ec196208d3e961c488cf4071de043f399cf9
  DropDown: 8a2116376c1981888557f72ec2ffc9a5e0e456ec
  FBAEMKit: 56c0bb9b42e3747cd82b67934f0c2b19325382ea
  FBSDKCoreKit: 75368765d9c2303073145a7925dfaa9d60bcd77b
  FBSDKCoreKit_Basics: 39865aff97e5f6951a78fb3e89dc4460e35e1895
  FBSDKLoginKit: e993f97c7cc794c5da4056d8aec3c3d66033a727
  GoogleMaps: c213fc2334b7374144cede914da779b99be0ab74
  GooglePlaces: c97d96ae68594acb64035c9ca9f26fbfc1d23af1
  GoogleSignIn: fd381840dbe7c1137aa6dc30849a5c3e070c034a
  GTMAppAuth: ad5c2b70b9a8689e1a04033c9369c4915bfcbe89
  GTMSessionFetcher: 43748f93435c2aa068b1cbe39655aaf600652e91
  InputBarAccessoryView: 74d471ab1fa1736806be50328df79257e52865a9
  MessageKit: 8e76dd8d65ad44b49e1651c673497146416461e9
  PayPalCheckout: f6c076f95734804ff5247abb1f27032386c78d22
  SendBirdSDK: f698cf686d732889d79854756aba6bbc20062a00
  SendBirdUIKit: 19f911839f10908e58db91900d33b6758ad47744
  ViewAnimator: a9ceed80266e00fd435ec4fb99b2df64d580d0e4

PODFILE CHECKSUM: 504b3bf2771f4d140a60de33d9c0aa00775e2d3f

COCOAPODS: 1.11.2
